
Microsoft Visual Studio Solution File, Format Version 12.00
# Visual Studio Version 17
VisualStudioVersion = 17.7.34024.191
MinimumVisualStudioVersion = 10.0.40219.1
Project("{9A19103F-16F7-4668-BE54-9A1E7A4F7556}") = "LeaveManagement.Web", "LeaveManagement.Web\LeaveManagement.Web.csproj", "{94F14991-08D1-48F1-8E5C-8C8D6D5713E9}"
EndProject
Project("{FAE04EC0-301F-11D3-BF4B-00C04F79EFBC}") = "LeaveManagement.Data", "LeaveManagement.Data\LeaveManagement.Data.csproj", "{0D173128-16A8-4587-8572-0FB4EC64EB0A}"
EndProject
Project("{FAE04EC0-301F-11D3-BF4B-00C04F79EFBC}") = "LeaveManagement.Common", "LeaveManagement.Common\LeaveManagement.Common.csproj", "{B48DE725-6E03-4C44-974F-9F0B52CC4BD3}"
EndProject
Project("{FAE04EC0-301F-11D3-BF4B-00C04F79EFBC}") = "LeaveManagement.Application", "LeaveManagement.ApplicationLogic\LeaveManagement.Application.csproj", "{6449BE32-2493-4F88-BE23-CF2747587229}"
EndProject
Global
	GlobalSection(SolutionConfigurationPlatforms) = preSolution
		Debug|Any CPU = Debug|Any CPU
		Release|Any CPU = Release|Any CPU
	EndGlobalSection
	GlobalSection(ProjectConfigurationPlatforms) = postSolution
		{94F14991-08D1-48F1-8E5C-8C8D6D5713E9}.Debug|Any CPU.ActiveCfg = Debug|Any CPU
		{94F14991-08D1-48F1-8E5C-8C8D6D5713E9}.Debug|Any CPU.Build.0 = Debug|Any CPU
		{94F14991-08D1-48F1-8E5C-8C8D6D5713E9}.Release|Any CPU.ActiveCfg = Release|Any CPU
		{94F14991-08D1-48F1-8E5C-8C8D6D5713E9}.Release|Any CPU.Build.0 = Release|Any CPU
		{0D173128-16A8-4587-8572-0FB4EC64EB0A}.Debug|Any CPU.ActiveCfg = Debug|Any CPU
		{0D173128-16A8-4587-8572-0FB4EC64EB0A}.Debug|Any CPU.Build.0 = Debug|Any CPU
		{0D173128-16A8-4587-8572-0FB4EC64EB0A}.Release|Any CPU.ActiveCfg = Release|Any CPU
		{0D173128-16A8-4587-8572-0FB4EC64EB0A}.Release|Any CPU.Build.0 = Release|Any CPU
		{B48DE725-6E03-4C44-974F-9F0B52CC4BD3}.Debug|Any CPU.ActiveCfg = Debug|Any CPU
		{B48DE725-6E03-4C44-974F-9F0B52CC4BD3}.Debug|Any CPU.Build.0 = Debug|Any CPU
		{B48DE725-6E03-4C44-974F-9F0B52CC4BD3}.Release|Any CPU.ActiveCfg = Release|Any CPU
		{B48DE725-6E03-4C44-974F-9F0B52CC4BD3}.Release|Any CPU.Build.0 = Release|Any CPU
		{6449BE32-2493-4F88-BE23-CF2747587229}.Debug|Any CPU.ActiveCfg = Debug|Any CPU
		{6449BE32-2493-4F88-BE23-CF2747587229}.Debug|Any CPU.Build.0 = Debug|Any CPU
		{6449BE32-2493-4F88-BE23-CF2747587229}.Release|Any CPU.ActiveCfg = Release|Any CPU
		{6449BE32-2493-4F88-BE23-CF2747587229}.Release|Any CPU.Build.0 = Release|Any CPU
	EndGlobalSection
	GlobalSection(SolutionProperties) = preSolution
		HideSolutionNode = FALSE
	EndGlobalSection
	GlobalSection(ExtensibilityGlobals) = postSolution
		SolutionGuid = {0B1F418D-70A0-4090-BA88-2DA054EB6E29}
	EndGlobalSection
EndGlobal
